
Microsoft Visual Studio Solution File, Format Version 12.00
# Visual Studio Version 16
VisualStudioVersion = 16.0.30225.117
MinimumVisualStudioVersion = 10.0.40219.1
Project("{9A19103F-16F7-4668-BE54-9A1E7A4F7556}") = "ExerciseProject", "ExerciseProject\ExerciseProject.csproj", "{076CEE1A-0EB8-49E8-BEA0-9732EA144154}"
EndProject
Project("{FAE04EC0-301F-11D3-BF4B-00C04F79EFBC}") = "ExerciseProjectTest", "ExerciseProjectTest\ExerciseProjectTest.csproj", "{D66F2AD1-BFD1-4104-BCF9-5FB52E51D4D0}"
EndProject
Global
	GlobalSection(SolutionConfigurationPlatforms) = preSolution
		Debug|Any CPU = Debug|Any CPU
		Release|Any CPU = Release|Any CPU
	EndGlobalSection
	GlobalSection(ProjectConfigurationPlatforms) = postSolution
		{076CEE1A-0EB8-49E8-BEA0-9732EA144154}.Debug|Any CPU.ActiveCfg = Debug|Any CPU
		{076CEE1A-0EB8-49E8-BEA0-9732EA144154}.Debug|Any CPU.Build.0 = Debug|Any CPU
		{076CEE1A-0EB8-49E8-BEA0-9732EA144154}.Release|Any CPU.ActiveCfg = Release|Any CPU
		{076CEE1A-0EB8-49E8-BEA0-9732EA144154}.Release|Any CPU.Build.0 = Release|Any CPU
		{D66F2AD1-BFD1-4104-BCF9-5FB52E51D4D0}.Debug|Any CPU.ActiveCfg = Debug|Any CPU
		{D66F2AD1-BFD1-4104-BCF9-5FB52E51D4D0}.Debug|Any CPU.Build.0 = Debug|Any CPU
		{D66F2AD1-BFD1-4104-BCF9-5FB52E51D4D0}.Release|Any CPU.ActiveCfg = Release|Any CPU
		{D66F2AD1-BFD1-4104-BCF9-5FB52E51D4D0}.Release|Any CPU.Build.0 = Release|Any CPU
	EndGlobalSection
	GlobalSection(SolutionProperties) = preSolution
		HideSolutionNode = FALSE
	EndGlobalSection
	GlobalSection(ExtensibilityGlobals) = postSolution
		SolutionGuid = {A8420B1A-D60C-415E-93A6-4ED5D7EB6C47}
	EndGlobalSection
EndGlobal
